
Microsoft Visual Studio Solution File, Format Version 12.00
# Visual Studio Version 17
VisualStudioVersion = 17.7.34031.279
MinimumVisualStudioVersion = 10.0.40219.1
Project("{FAE04EC0-301F-11D3-BF4B-00C04F79EFBC}") = "DashboardUI", "DashboardUI\DashboardUI.csproj", "{57B4FC60-54B2-47C9-88B8-5EC38B18EC7D}"
EndProject
Global
	GlobalSection(SolutionConfigurationPlatforms) = preSolution
		Debug|Any CPU = Debug|Any CPU
		Release|Any CPU = Release|Any CPU
	EndGlobalSection
	GlobalSection(ProjectConfigurationPlatforms) = postSolution
		{57B4FC60-54B2-47C9-88B8-5EC38B18EC7D}.Debug|Any CPU.ActiveCfg = Debug|Any CPU
		{57B4FC60-54B2-47C9-88B8-5EC38B18EC7D}.Debug|Any CPU.Build.0 = Debug|Any CPU
		{57B4FC60-54B2-47C9-88B8-5EC38B18EC7D}.Release|Any CPU.ActiveCfg = Release|Any CPU
		{57B4FC60-54B2-47C9-88B8-5EC38B18EC7D}.Release|Any CPU.Build.0 = Release|Any CPU
	EndGlobalSection
	GlobalSection(SolutionProperties) = preSolution
		HideSolutionNode = FALSE
	EndGlobalSection
	GlobalSection(ExtensibilityGlobals) = postSolution
		SolutionGuid = {2CE93EA8-8501-46EF-B988-D94F127391F7}
	EndGlobalSection
EndGlobal
